
Microsoft Visual Studio Solution File, Format Version 12.00
# Visual Studio Version 16
VisualStudioVersion = 16.0.30114.105
MinimumVisualStudioVersion = 10.0.40219.1
Project("{9A19103F-16F7-4668-BE54-9A1E7A4F7556}") = "ActivityLogger_WPF", "ActivityLogger_WPF\ActivityLogger_WPF.csproj", "{6718A179-7081-4DF9-95E2-7B013BAAD721}"
EndProject
Project("{9A19103F-16F7-4668-BE54-9A1E7A4F7556}") = "ActivityLogger_ClassLib", "ActivityLogger_ClassLib\ActivityLogger_ClassLib.csproj", "{1151B011-7FA7-4B44-8B75-FDC741E7D1A0}"
EndProject
Global
	GlobalSection(SolutionConfigurationPlatforms) = preSolution
		Debug|Any CPU = Debug|Any CPU
		Release|Any CPU = Release|Any CPU
	EndGlobalSection
	GlobalSection(ProjectConfigurationPlatforms) = postSolution
		{6718A179-7081-4DF9-95E2-7B013BAAD721}.Debug|Any CPU.ActiveCfg = Debug|Any CPU
		{6718A179-7081-4DF9-95E2-7B013BAAD721}.Debug|Any CPU.Build.0 = Debug|Any CPU
		{6718A179-7081-4DF9-95E2-7B013BAAD721}.Release|Any CPU.ActiveCfg = Release|Any CPU
		{6718A179-7081-4DF9-95E2-7B013BAAD721}.Release|Any CPU.Build.0 = Release|Any CPU
		{1151B011-7FA7-4B44-8B75-FDC741E7D1A0}.Debug|Any CPU.ActiveCfg = Debug|Any CPU
		{1151B011-7FA7-4B44-8B75-FDC741E7D1A0}.Debug|Any CPU.Build.0 = Debug|Any CPU
		{1151B011-7FA7-4B44-8B75-FDC741E7D1A0}.Release|Any CPU.ActiveCfg = Release|Any CPU
		{1151B011-7FA7-4B44-8B75-FDC741E7D1A0}.Release|Any CPU.Build.0 = Release|Any CPU
	EndGlobalSection
	GlobalSection(SolutionProperties) = preSolution
		HideSolutionNode = FALSE
	EndGlobalSection
	GlobalSection(ExtensibilityGlobals) = postSolution
		SolutionGuid = {0A71172A-8E34-47D9-A391-8F2C59BFCADB}
	EndGlobalSection
EndGlobal
